// !$*UTF8*$!
{
	archiveVersion = 1;
	classes = {
	};
	objectVersion = 46;
	objects = {

/* Begin PBXBuildFile section */
		434F9E2C1C9E2C7300372ACE /* AppDelegate.swift in Sources */ = {isa = PBXBuildFile; fileRef = 434F9E2B1C9E2C7300372ACE /* AppDelegate.swift */; };
		434F9E311C9E2C7300372ACE /* Main.storyboard in Resources */ = {isa = PBXBuildFile; fileRef = 434F9E2F1C9E2C7300372ACE /* Main.storyboard */; };
		434F9E331C9E2C7300372ACE /* Assets.xcassets in Resources */ = {isa = PBXBuildFile; fileRef = 434F9E321C9E2C7300372ACE /* Assets.xcassets */; };
		434F9E361C9E2C7300372ACE /* LaunchScreen.storyboard in Resources */ = {isa = PBXBuildFile; fileRef = 434F9E341C9E2C7300372ACE /* LaunchScreen.storyboard */; };
		434F9E3F1C9E2E3000372ACE /* mainController.swift in Sources */ = {isa = PBXBuildFile; fileRef = 434F9E3E1C9E2E3000372ACE /* mainController.swift */; };
		434F9E411C9E31CF00372ACE /* mainCell.xib in Resources */ = {isa = PBXBuildFile; fileRef = 434F9E401C9E31CF00372ACE /* mainCell.xib */; };
		434F9E441C9E32C400372ACE /* ssh.storyboard in Resources */ = {isa = PBXBuildFile; fileRef = 434F9E431C9E32C400372ACE /* ssh.storyboard */; };
		434F9E461C9E39D100372ACE /* sshController.swift in Sources */ = {isa = PBXBuildFile; fileRef = 434F9E451C9E39D100372ACE /* sshController.swift */; };
		434F9E4F1C9E3DF800372ACE /* SimplePing.m in Sources */ = {isa = PBXBuildFile; fileRef = 434F9E4E1C9E3DF800372ACE /* SimplePing.m */; };
		43AD82D91D07BDAF002A27DF /* Coordinates.storyboard in Resources */ = {isa = PBXBuildFile; fileRef = 43AD82D81D07BDAF002A27DF /* Coordinates.storyboard */; };
		43AD82DB1D07BE34002A27DF /* CoordinatesController.swift in Sources */ = {isa = PBXBuildFile; fileRef = 43AD82DA1D07BE34002A27DF /* CoordinatesController.swift */; };
/* End PBXBuildFile section */

/* Begin PBXFileReference section */
		434F9E281C9E2C7300372ACE /* testing.app */ = {isa = PBXFileReference; explicitFileType = wrapper.application; includeInIndex = 0; path = testing.app; sourceTree = BUILT_PRODUCTS_DIR; };
		434F9E2B1C9E2C7300372ACE /* AppDelegate.swift */ = {isa = PBXFileReference; lastKnownFileType = sourcecode.swift; path = AppDelegate.swift; sourceTree = "<group>"; };
		434F9E301C9E2C7300372ACE /* Base */ = {isa = PBXFileReference; lastKnownFileType = file.storyboard; name = Base; path = Base.lproj/Main.storyboard; sourceTree = "<group>"; };
		434F9E321C9E2C7300372ACE /* Assets.xcassets */ = {isa = PBXFileReference; lastKnownFileType = folder.assetcatalog; path = Assets.xcassets; sourceTree = "<group>"; };
		434F9E351C9E2C7300372ACE /* Base */ = {isa = PBXFileReference; lastKnownFileType = file.storyboard; name = Base; path = Base.lproj/LaunchScreen.storyboard; sourceTree = "<group>"; };
		434F9E371C9E2C7300372ACE /* Info.plist */ = {isa = PBXFileReference; lastKnownFileType = text.plist.xml; path = Info.plist; sourceTree = "<group>"; };
		434F9E3E1C9E2E3000372ACE /* mainController.swift */ = {isa = PBXFileReference; fileEncoding = 4; lastKnownFileType = sourcecode.swift; path = mainController.swift; sourceTree = "<group>"; };
		434F9E401C9E31CF00372ACE /* mainCell.xib */ = {isa = PBXFileReference; fileEncoding = 4; lastKnownFileType = file.xib; path = mainCell.xib; sourceTree = "<group>"; };
		434F9E431C9E32C400372ACE /* ssh.storyboard */ = {isa = PBXFileReference; fileEncoding = 4; lastKnownFileType = file.storyboard; path = ssh.storyboard; sourceTree = "<group>"; };
		434F9E451C9E39D100372ACE /* sshController.swift */ = {isa = PBXFileReference; fileEncoding = 4; lastKnownFileType = sourcecode.swift; path = sshController.swift; sourceTree = "<group>"; };
		434F9E4C1C9E3DF700372ACE /* testing-Bridging-Header.h */ = {isa = PBXFileReference; lastKnownFileType = sourcecode.c.h; path = "testing-Bridging-Header.h"; sourceTree = "<group>"; };
		434F9E4D1C9E3DF800372ACE /* SimplePing.h */ = {isa = PBXFileReference; fileEncoding = 4; lastKnownFileType = sourcecode.c.h; path = SimplePing.h; sourceTree = "<group>"; };
		434F9E4E1C9E3DF800372ACE /* SimplePing.m */ = {isa = PBXFileReference; fileEncoding = 4; lastKnownFileType = sourcecode.c.objc; path = SimplePing.m; sourceTree = "<group>"; };
		43AD82D81D07BDAF002A27DF /* Coordinates.storyboard */ = {isa = PBXFileReference; fileEncoding = 4; lastKnownFileType = file.storyboard; path = Coordinates.storyboard; sourceTree = "<group>"; };
		43AD82DA1D07BE34002A27DF /* CoordinatesController.swift */ = {isa = PBXFileReference; fileEncoding = 4; lastKnownFileType = sourcecode.swift; path = CoordinatesController.swift; sourceTree = "<group>"; };
/* End PBXFileReference section */

/* Begin PBXFrameworksBuildPhase section */
		434F9E251C9E2C7200372ACE /* Frameworks */ = {
			isa = PBXFrameworksBuildPhase;
			buildActionMask = 2147483647;
			files = (
			);
			runOnlyForDeploymentPostprocessing = 0;
		};
/* End PBXFrameworksBuildPhase section */

/* Begin PBXGroup section */
		434F9E1F1C9E2C7200372ACE = {
			isa = PBXGroup;
			children = (
				434F9E2A1C9E2C7300372ACE /* testing */,
				434F9E291C9E2C7300372ACE /* Products */,
			);
			sourceTree = "<group>";
		};
		434F9E291C9E2C7300372ACE /* Products */ = {
			isa = PBXGroup;
			children = (
				434F9E281C9E2C7300372ACE /* testing.app */,
			);
			name = Products;
			sourceTree = "<group>";
		};
		434F9E2A1C9E2C7300372ACE /* testing */ = {
			isa = PBXGroup;
			children = (
				43AD82D71D07BD7F002A27DF /* Coordinates */,
				434F9E401C9E31CF00372ACE /* mainCell.xib */,
				434F9E2F1C9E2C7300372ACE /* Main.storyboard */,
				434F9E3E1C9E2E3000372ACE /* mainController.swift */,
				434F9E421C9E32AB00372ACE /* ssh */,
				434F9E3D1C9E2E0300372ACE /* Supporting files */,
				434F9E471C9E3D1800372ACE /* External */,
			);
			path = testing;
			sourceTree = "<group>";
		};
		434F9E3D1C9E2E0300372ACE /* Supporting files */ = {
			isa = PBXGroup;
			children = (
				434F9E2B1C9E2C7300372ACE /* AppDelegate.swift */,
				434F9E371C9E2C7300372ACE /* Info.plist */,
				434F9E321C9E2C7300372ACE /* Assets.xcassets */,
				434F9E341C9E2C7300372ACE /* LaunchScreen.storyboard */,
			);
			name = "Supporting files";
			sourceTree = "<group>";
		};
		434F9E421C9E32AB00372ACE /* ssh */ = {
			isa = PBXGroup;
			children = (
				434F9E431C9E32C400372ACE /* ssh.storyboard */,
				434F9E451C9E39D100372ACE /* sshController.swift */,
			);
			name = ssh;
			sourceTree = "<group>";
		};
		434F9E471C9E3D1800372ACE /* External */ = {
			isa = PBXGroup;
			children = (
				434F9E4B1C9E3D4300372ACE /* Simple ping */,
			);
			name = External;
			sourceTree = "<group>";
		};
		434F9E4B1C9E3D4300372ACE /* Simple ping */ = {
			isa = PBXGroup;
			children = (
				434F9E4D1C9E3DF800372ACE /* SimplePing.h */,
				434F9E4E1C9E3DF800372ACE /* SimplePing.m */,
				434F9E4C1C9E3DF700372ACE /* testing-Bridging-Header.h */,
			);
			name = "Simple ping";
			sourceTree = "<group>";
		};
		43AD82D71D07BD7F002A27DF /* Coordinates */ = {
			isa = PBXGroup;
			children = (
				43AD82D81D07BDAF002A27DF /* Coordinates.storyboard */,
				43AD82DA1D07BE34002A27DF /* CoordinatesController.swift */,
			);
			name = Coordinates;
			sourceTree = "<group>";
		};
/* End PBXGroup section */

/* Begin PBXNativeTarget section */
		434F9E271C9E2C7200372ACE /* testing */ = {
			isa = PBXNativeTarget;
			buildConfigurationList = 434F9E3A1C9E2C7300372ACE /* Build configuration list for PBXNativeTarget "testing" */;
			buildPhases = (
				434F9E241C9E2C7200372ACE /* Sources */,
				434F9E251C9E2C7200372ACE /* Frameworks */,
				434F9E261C9E2C7200372ACE /* Resources */,
			);
			buildRules = (
			);
			dependencies = (
			);
			name = testing;
			productName = testing;
			productReference = 434F9E281C9E2C7300372ACE /* testing.app */;
			productType = "com.apple.product-type.application";
		};
/* End PBXNativeTarget section */

/* Begin PBXProject section */
		434F9E201C9E2C7200372ACE /* Project object */ = {
			isa = PBXProject;
			attributes = {
				LastSwiftUpdateCheck = 0720;
				LastUpgradeCheck = 0720;
				ORGANIZATIONNAME = "Fabián Quintero Romo";
				TargetAttributes = {
					434F9E271C9E2C7200372ACE = {
						CreatedOnToolsVersion = 7.2.1;
						DevelopmentTeam = T9S45CPFGD;
					};
				};
			};
			buildConfigurationList = 434F9E231C9E2C7200372ACE /* Build configuration list for PBXProject "testing" */;
			compatibilityVersion = "Xcode 3.2";
			developmentRegion = English;
			hasScannedForEncodings = 0;
			knownRegions = (
				en,
				Base,
			);
			mainGroup = 434F9E1F1C9E2C7200372ACE;
			productRefGroup = 434F9E291C9E2C7300372ACE /* Products */;
			projectDirPath = "";
			projectRoot = "";
			targets = (
				434F9E271C9E2C7200372ACE /* testing */,
			);
		};
/* End PBXProject section */

/* Begin PBXResourcesBuildPhase section */
		434F9E261C9E2C7200372ACE /* Resources */ = {
			isa = PBXResourcesBuildPhase;
			buildActionMask = 2147483647;
			files = (
				434F9E361C9E2C7300372ACE /* LaunchScreen.storyboard in Resources */,
				434F9E331C9E2C7300372ACE /* Assets.xcassets in Resources */,
				43AD82D91D07BDAF002A27DF /* Coordinates.storyboard in Resources */,
				434F9E411C9E31CF00372ACE /* mainCell.xib in Resources */,
				434F9E311C9E2C7300372ACE /* Main.storyboard in Resources */,
				434F9E441C9E32C400372ACE /* ssh.storyboard in Resources */,
			);
			runOnlyForDeploymentPostprocessing = 0;
		};
/* End PBXResourcesBuildPhase section */

/* Begin PBXSourcesBuildPhase section */
		434F9E241C9E2C7200372ACE /* Sources */ = {
			isa = PBXSourcesBuildPhase;
			buildActionMask = 2147483647;
			files = (
				434F9E461C9E39D100372ACE /* sshController.swift in Sources */,
				434F9E3F1C9E2E3000372ACE /* mainController.swift in Sources */,
				434F9E2C1C9E2C7300372ACE /* AppDelegate.swift in Sources */,
				434F9E4F1C9E3DF800372ACE /* SimplePing.m in Sources */,
				43AD82DB1D07BE34002A27DF /* CoordinatesController.swift in Sources */,
			);
			runOnlyForDeploymentPostprocessing = 0;
		};
/* End PBXSourcesBuildPhase section */

/* Begin PBXVariantGroup section */
		434F9E2F1C9E2C7300372ACE /* Main.storyboard */ = {
			isa = PBXVariantGroup;
			children = (
				434F9E301C9E2C7300372ACE /* Base */,
			);
			name = Main.storyboard;
			sourceTree = "<group>";
		};
		434F9E341C9E2C7300372ACE /* LaunchScreen.storyboard */ = {
			isa = PBXVariantGroup;
			children = (
				434F9E351C9E2C7300372ACE /* Base */,
			);
			name = LaunchScreen.storyboard;
			sourceTree = "<group>";
		};
/* End PBXVariantGroup section */

/* Begin XCBuildConfiguration section */
		434F9E381C9E2C7300372ACE /* Debug */ = {
			isa = XCBuildConfiguration;
			buildSettings = {
				ALWAYS_SEARCH_USER_PATHS = NO;
				CLANG_CXX_LANGUAGE_STANDARD = "gnu++0x";
				CLANG_CXX_LIBRARY = "libc++";
				CLANG_ENABLE_MODULES = YES;
				CLANG_ENABLE_OBJC_ARC = YES;
				CLANG_WARN_BOOL_CONVERSION = YES;
				CLANG_WARN_CONSTANT_CONVERSION = YES;
				CLANG_WARN_DIRECT_OBJC_ISA_USAGE = YES_ERROR;
				CLANG_WARN_EMPTY_BODY = YES;
				CLANG_WARN_ENUM_CONVERSION = YES;
				CLANG_WARN_INT_CONVERSION = YES;
				CLANG_WARN_OBJC_ROOT_CLASS = YES_ERROR;
				CLANG_WARN_UNREACHABLE_CODE = YES;
				CLANG_WARN__DUPLICATE_METHOD_MATCH = YES;
				"CODE_SIGN_IDENTITY[sdk=iphoneos*]" = "iPhone Developer";
				COPY_PHASE_STRIP = NO;
				DEBUG_INFORMATION_FORMAT = dwarf;
				ENABLE_STRICT_OBJC_MSGSEND = YES;
				ENABLE_TESTABILITY = YES;
				GCC_C_LANGUAGE_STANDARD = gnu99;
				GCC_DYNAMIC_NO_PIC = NO;
				GCC_NO_COMMON_BLOCKS = YES;
				GCC_OPTIMIZATION_LEVEL = 0;
				GCC_PREPROCESSOR_DEFINITIONS = (
					"DEBUG=1",
					"$(inherited)",
				);
				GCC_WARN_64_TO_32_BIT_CONVERSION = YES;
				GCC_WARN_ABOUT_RETURN_TYPE = YES_ERROR;
				GCC_WARN_UNDECLARED_SELECTOR = YES;
				GCC_WARN_UNINITIALIZED_AUTOS = YES_AGGRESSIVE;
				GCC_WARN_UNUSED_FUNCTION = YES;
				GCC_WARN_UNUSED_VARIABLE = YES;
				IPHONEOS_DEPLOYMENT_TARGET = 9.2;
				MTL_ENABLE_DEBUG_INFO = YES;
				ONLY_ACTIVE_ARCH = YES;
				SDKROOT = iphoneos;
				SWIFT_OPTIMIZATION_LEVEL = "-Onone";
				TARGETED_DEVICE_FAMILY = "1,2";
			};
			name = Debug;
		};
		434F9E391C9E2C7300372ACE /* Release */ = {
			isa = XCBuildConfiguration;
			buildSettings = {
				ALWAYS_SEARCH_USER_PATHS = NO;
				CLANG_CXX_LANGUAGE_STANDARD = "gnu++0x";
				CLANG_CXX_LIBRARY = "libc++";
				CLANG_ENABLE_MODULES = YES;
				CLANG_ENABLE_OBJC_ARC = YES;
				CLANG_WARN_BOOL_CONVERSION = YES;
				CLANG_WARN_CONSTANT_CONVERSION = YES;
				CLANG_WARN_DIRECT_OBJC_ISA_USAGE = YES_ERROR;
				CLANG_WARN_EMPTY_BODY = YES;
				CLANG_WARN_ENUM_CONVERSION = YES;
				CLANG_WARN_INT_CONVERSION = YES;
				CLANG_WARN_OBJC_ROOT_CLASS = YES_ERROR;
				CLANG_WARN_UNREACHABLE_CODE = YES;
				CLANG_WARN__DUPLICATE_METHOD_MATCH = YES;
				"CODE_SIGN_IDENTITY[sdk=iphoneos*]" = "iPhone Developer";
				COPY_PHASE_STRIP = NO;
				DEBUG_INFORMATION_FORMAT = "dwarf-with-dsym";
				ENABLE_NS_ASSERTIONS = NO;
				ENABLE_STRICT_OBJC_MSGSEND = YES;
				GCC_C_LANGUAGE_STANDARD = gnu99;
				GCC_NO_COMMON_BLOCKS = YES;
				GCC_WARN_64_TO_32_BIT_CONVERSION = YES;
				GCC_WARN_ABOUT_RETURN_TYPE = YES_ERROR;
				GCC_WARN_UNDECLARED_SELECTOR = YES;
				GCC_WARN_UNINITIALIZED_AUTOS = YES_AGGRESSIVE;
				GCC_WARN_UNUSED_FUNCTION = YES;
				GCC_WARN_UNUSED_VARIABLE = YES;
				IPHONEOS_DEPLOYMENT_TARGET = 9.2;
				MTL_ENABLE_DEBUG_INFO = NO;
				SDKROOT = iphoneos;
				TARGETED_DEVICE_FAMILY = "1,2";
				VALIDATE_PRODUCT = YES;
			};
			name = Release;
		};
		434F9E3B1C9E2C7300372ACE /* Debug */ = {
			isa = XCBuildConfiguration;
			buildSettings = {
				ASSETCATALOG_COMPILER_APPICON_NAME = AppIcon;
				CLANG_ENABLE_MODULES = YES;
				INFOPLIST_FILE = testing/Info.plist;
				LD_RUNPATH_SEARCH_PATHS = "$(inherited) @executable_path/Frameworks";
				PRODUCT_BUNDLE_IDENTIFIER = com.fqr.testing;
				PRODUCT_NAME = "$(TARGET_NAME)";
				SWIFT_OBJC_BRIDGING_HEADER = "testing/testing-Bridging-Header.h";
				SWIFT_OPTIMIZATION_LEVEL = "-Onone";
			};
			name = Debug;
		};
		434F9E3C1C9E2C7300372ACE /* Release */ = {
			isa = XCBuildConfiguration;
			buildSettings = {
				ASSETCATALOG_COMPILER_APPICON_NAME = AppIcon;
				CLANG_ENABLE_MODULES = YES;
				INFOPLIST_FILE = testing/Info.plist;
				LD_RUNPATH_SEARCH_PATHS = "$(inherited) @executable_path/Frameworks";
				PRODUCT_BUNDLE_IDENTIFIER = com.fqr.testing;
				PRODUCT_NAME = "$(TARGET_NAME)";
				SWIFT_OBJC_BRIDGING_HEADER = "testing/testing-Bridging-Header.h";
			};
			name = Release;
		};
/* End XCBuildConfiguration section */

/* Begin XCConfigurationList section */
		434F9E231C9E2C7200372ACE /* Build configuration list for PBXProject "testing" */ = {
			isa = XCConfigurationList;
			buildConfigurations = (
				434F9E381C9E2C7300372ACE /* Debug */,
				434F9E391C9E2C7300372ACE /* Release */,
			);
			defaultConfigurationIsVisible = 0;
			defaultConfigurationName = Release;
		};
		434F9E3A1C9E2C7300372ACE /* Build configuration list for PBXNativeTarget "testing" */ = {
			isa = XCConfigurationList;
			buildConfigurations = (
				434F9E3B1C9E2C7300372ACE /* Debug */,
				434F9E3C1C9E2C7300372ACE /* Release */,
			);
			defaultConfigurationIsVisible = 0;
			defaultConfigurationName = Release;
		};
/* End XCConfigurationList section */
	};
	rootObject = 434F9E201C9E2C7200372ACE /* Project object */;
}
